
Microsoft Visual Studio Solution File, Format Version 12.00
# Visual Studio 15
VisualStudioVersion = 15.0.28307.271
MinimumVisualStudioVersion = 10.0.40219.1
Project("{FAE04EC0-301F-11D3-BF4B-00C04F79EFBC}") = "HospitalManagement", "HospitalManagement\HospitalManagement.csproj", "{1AD3366F-383F-4D9C-B862-5DE21D5C1334}"
EndProject
Global
	GlobalSection(SolutionConfigurationPlatforms) = preSolution
		Debug|Any CPU = Debug|Any CPU
		Release|Any CPU = Release|Any CPU
	EndGlobalSection
	GlobalSection(ProjectConfigurationPlatforms) = postSolution
		{1AD3366F-383F-4D9C-B862-5DE21D5C1334}.Debug|Any CPU.ActiveCfg = Debug|Any CPU
		{1AD3366F-383F-4D9C-B862-5DE21D5C1334}.Debug|Any CPU.Build.0 = Debug|Any CPU
		{1AD3366F-383F-4D9C-B862-5DE21D5C1334}.Release|Any CPU.ActiveCfg = Release|Any CPU
		{1AD3366F-383F-4D9C-B862-5DE21D5C1334}.Release|Any CPU.Build.0 = Release|Any CPU
	EndGlobalSection
	GlobalSection(SolutionProperties) = preSolution
		HideSolutionNode = FALSE
	EndGlobalSection
	GlobalSection(ExtensibilityGlobals) = postSolution
		SolutionGuid = {693E33A6-22AD-40FC-9E75-231AE270D5CA}
	EndGlobalSection
EndGlobal
